{
  "projectId": "perceptive-dialect-46rpq",
  "appId": "1:401212626340:web:3601ce2cbc66af609ddd31",
  "apiKey": "AIzaSyBXFK_exg2klEz6tuJCKtuX0HgBdvOmZx4",
  "authDomain": "perceptive-dialect-46rpq.firebaseapp.com",
  "firestoreDatabaseId": "ai-studio-6bbe270d-2803-42db-ac65-a8c8cbe2cdb9",
  "storageBucket": "perceptive-dialect-46rpq.firebasestorage.app",
  "messagingSenderId": "401212626340",
  "measurementId": ""
}